
Microsoft Visual Studio Solution File, Format Version 12.00
# Visual Studio Version 17
VisualStudioVersion = 17.9.34728.123
MinimumVisualStudioVersion = 10.0.40219.1
Project("{9A19103F-16F7-4668-BE54-9A1E7A4F7556}") = "Interview.Samples.Tests", "Interview.Samples.Tests\Interview.Samples.Tests.csproj", "{6500521D-DE03-428D-8146-6236DE8DD553}"
EndProject
Project("{9A19103F-16F7-4668-BE54-9A1E7A4F7556}") = "Interview.Samples.Application", "BFS\Interview.Samples.Application.csproj", "{C5238AE0-30BA-4A08-9C50-1FFCF3036E3F}"
EndProject
Project("{FAE04EC0-301F-11D3-BF4B-00C04F79EFBC}") = "Wordle", "Wordle\Wordle.csproj", "{9F77DC75-F877-44D8-9583-7B61F236C5DD}"
EndProject
Global
	GlobalSection(SolutionConfigurationPlatforms) = preSolution
		Debug|Any CPU = Debug|Any CPU
		Release|Any CPU = Release|Any CPU
	EndGlobalSection
	GlobalSection(ProjectConfigurationPlatforms) = postSolution
		{6500521D-DE03-428D-8146-6236DE8DD553}.Debug|Any CPU.ActiveCfg = Debug|Any CPU
		{6500521D-DE03-428D-8146-6236DE8DD553}.Debug|Any CPU.Build.0 = Debug|Any CPU
		{6500521D-DE03-428D-8146-6236DE8DD553}.Release|Any CPU.ActiveCfg = Release|Any CPU
		{6500521D-DE03-428D-8146-6236DE8DD553}.Release|Any CPU.Build.0 = Release|Any CPU
		{C5238AE0-30BA-4A08-9C50-1FFCF3036E3F}.Debug|Any CPU.ActiveCfg = Debug|Any CPU
		{C5238AE0-30BA-4A08-9C50-1FFCF3036E3F}.Debug|Any CPU.Build.0 = Debug|Any CPU
		{C5238AE0-30BA-4A08-9C50-1FFCF3036E3F}.Release|Any CPU.ActiveCfg = Release|Any CPU
		{C5238AE0-30BA-4A08-9C50-1FFCF3036E3F}.Release|Any CPU.Build.0 = Release|Any CPU
		{9F77DC75-F877-44D8-9583-7B61F236C5DD}.Debug|Any CPU.ActiveCfg = Debug|Any CPU
		{9F77DC75-F877-44D8-9583-7B61F236C5DD}.Debug|Any CPU.Build.0 = Debug|Any CPU
		{9F77DC75-F877-44D8-9583-7B61F236C5DD}.Release|Any CPU.ActiveCfg = Release|Any CPU
		{9F77DC75-F877-44D8-9583-7B61F236C5DD}.Release|Any CPU.Build.0 = Release|Any CPU
	EndGlobalSection
	GlobalSection(SolutionProperties) = preSolution
		HideSolutionNode = FALSE
	EndGlobalSection
	GlobalSection(ExtensibilityGlobals) = postSolution
		SolutionGuid = {DC7475E0-F98C-44CC-8ADD-0F60AB69DDA3}
	EndGlobalSection
EndGlobal
